
Microsoft Visual Studio Solution File, Format Version 12.00
# Visual Studio 14
VisualStudioVersion = 14.0.25420.1
MinimumVisualStudioVersion = 10.0.40219.1
Project("{FAE04EC0-301F-11D3-BF4B-00C04F79EFBC}") = "MoveWebsiteFiles", "MoveWebsiteFiles\MoveWebsiteFiles.csproj", "{A3CB5EA8-E324-49BC-97EC-C45B06EBBD73}"
EndProject
Project("{FAE04EC0-301F-11D3-BF4B-00C04F79EFBC}") = "PerfDiag", "PerfDiag\PerfDiag.csproj", "{08F582B2-0128-4F94-8A35-6019225244FF}"
EndProject
Project("{2150E333-8FDC-42A3-9474-1A3956D46DE8}") = "Solution Items", "Solution Items", "{ABCC4508-A571-4C8D-AAEC-9183D6402009}"
	ProjectSection(SolutionItems) = preProject
		.gitignore = .gitignore
		LICENSE = LICENSE
		README.md = README.md
	EndProjectSection
EndProject
Global
	GlobalSection(SolutionConfigurationPlatforms) = preSolution
		Debug|Any CPU = Debug|Any CPU
		Release|Any CPU = Release|Any CPU
	EndGlobalSection
	GlobalSection(ProjectConfigurationPlatforms) = postSolution
		{A3CB5EA8-E324-49BC-97EC-C45B06EBBD73}.Debug|Any CPU.ActiveCfg = Debug|Any CPU
		{A3CB5EA8-E324-49BC-97EC-C45B06EBBD73}.Debug|Any CPU.Build.0 = Debug|Any CPU
		{A3CB5EA8-E324-49BC-97EC-C45B06EBBD73}.Release|Any CPU.ActiveCfg = Release|Any CPU
		{A3CB5EA8-E324-49BC-97EC-C45B06EBBD73}.Release|Any CPU.Build.0 = Release|Any CPU
		{08F582B2-0128-4F94-8A35-6019225244FF}.Debug|Any CPU.ActiveCfg = Debug|Any CPU
		{08F582B2-0128-4F94-8A35-6019225244FF}.Debug|Any CPU.Build.0 = Debug|Any CPU
		{08F582B2-0128-4F94-8A35-6019225244FF}.Release|Any CPU.ActiveCfg = Release|Any CPU
		{08F582B2-0128-4F94-8A35-6019225244FF}.Release|Any CPU.Build.0 = Release|Any CPU
	EndGlobalSection
	GlobalSection(SolutionProperties) = preSolution
		HideSolutionNode = FALSE
	EndGlobalSection
EndGlobal
